// !$*UTF8*$!
{
	archiveVersion = 1;
	classes = {
	};
	objectVersion = 51;
	objects = {

/* Begin PBXBuildFile section */
		B4D92CF005DE10016740C066 /* Pods_PushNotification_002.framework in Frameworks */ = {isa = PBXBuildFile; fileRef = B65ADC17279539A8245F4731 /* Pods_PushNotification_002.framework */; };
		FC31C11A24F6373100192A83 /* AppDelegate.swift in Sources */ = {isa = PBXBuildFile; fileRef = FC31C11924F6373100192A83 /* AppDelegate.swift */; };
		FC31C11C24F6373100192A83 /* SceneDelegate.swift in Sources */ = {isa = PBXBuildFile; fileRef = FC31C11B24F6373100192A83 /* SceneDelegate.swift */; };
		FC31C11E24F6373100192A83 /* ViewController.swift in Sources */ = {isa = PBXBuildFile; fileRef = FC31C11D24F6373100192A83 /* ViewController.swift */; };
		FC31C12124F6373100192A83 /* Main.storyboard in Resources */ = {isa = PBXBuildFile; fileRef = FC31C11F24F6373100192A83 /* Main.storyboard */; };
		FC31C12324F6373200192A83 /* Assets.xcassets in Resources */ = {isa = PBXBuildFile; fileRef = FC31C12224F6373200192A83 /* Assets.xcassets */; };
		FC31C12624F6373200192A83 /* LaunchScreen.storyboard in Resources */ = {isa = PBXBuildFile; fileRef = FC31C12424F6373200192A83 /* LaunchScreen.storyboard */; };
		FC31C12E24F6393700192A83 /* GoogleService-Info.plist in Resources */ = {isa = PBXBuildFile; fileRef = FC31C12D24F6393700192A83 /* GoogleService-Info.plist */; };
/* End PBXBuildFile section */

/* Begin PBXFileReference section */
		1C4AC7085A41446552854C94 /* Pods-PushNotification-002.debug.xcconfig */ = {isa = PBXFileReference; includeInIndex = 1; lastKnownFileType = text.xcconfig; name = "Pods-PushNotification-002.debug.xcconfig"; path = "Target Support Files/Pods-PushNotification-002/Pods-PushNotification-002.debug.xcconfig"; sourceTree = "<group>"; };
		79AAA61C67BD61A7657A9A3D /* Pods-PushNotification-002.release.xcconfig */ = {isa = PBXFileReference; includeInIndex = 1; lastKnownFileType = text.xcconfig; name = "Pods-PushNotification-002.release.xcconfig"; path = "Target Support Files/Pods-PushNotification-002/Pods-PushNotification-002.release.xcconfig"; sourceTree = "<group>"; };
		B65ADC17279539A8245F4731 /* Pods_PushNotification_002.framework */ = {isa = PBXFileReference; explicitFileType = wrapper.framework; includeInIndex = 0; path = Pods_PushNotification_002.framework; sourceTree = BUILT_PRODUCTS_DIR; };
		FC31C11624F6373100192A83 /* PushNotification-002.app */ = {isa = PBXFileReference; explicitFileType = wrapper.application; includeInIndex = 0; path = "PushNotification-002.app"; sourceTree = BUILT_PRODUCTS_DIR; };
		FC31C11924F6373100192A83 /* AppDelegate.swift */ = {isa = PBXFileReference; lastKnownFileType = sourcecode.swift; path = AppDelegate.swift; sourceTree = "<group>"; };
		FC31C11B24F6373100192A83 /* SceneDelegate.swift */ = {isa = PBXFileReference; lastKnownFileType = sourcecode.swift; path = SceneDelegate.swift; sourceTree = "<group>"; };
		FC31C11D24F6373100192A83 /* ViewController.swift */ = {isa = PBXFileReference; lastKnownFileType = sourcecode.swift; path = ViewController.swift; sourceTree = "<group>"; };
		FC31C12024F6373100192A83 /* Base */ = {isa = PBXFileReference; lastKnownFileType = file.storyboard; name = Base; path = Base.lproj/Main.storyboard; sourceTree = "<group>"; };
		FC31C12224F6373200192A83 /* Assets.xcassets */ = {isa = PBXFileReference; lastKnownFileType = folder.assetcatalog; path = Assets.xcassets; sourceTree = "<group>"; };
		FC31C12524F6373200192A83 /* Base */ = {isa = PBXFileReference; lastKnownFileType = file.storyboard; name = Base; path = Base.lproj/LaunchScreen.storyboard; sourceTree = "<group>"; };
		FC31C12724F6373200192A83 /* Info.plist */ = {isa = PBXFileReference; lastKnownFileType = text.plist.xml; path = Info.plist; sourceTree = "<group>"; };
		FC31C12D24F6393700192A83 /* GoogleService-Info.plist */ = {isa = PBXFileReference; fileEncoding = 4; lastKnownFileType = text.plist.xml; path = "GoogleService-Info.plist"; sourceTree = "<group>"; };
		FC31C12F24F63B9500192A83 /* PushNotification-002.entitlements */ = {isa = PBXFileReference; lastKnownFileType = text.plist.entitlements; path = "PushNotification-002.entitlements"; sourceTree = "<group>"; };
/* End PBXFileReference section */

/* Begin PBXFrameworksBuildPhase section */
		FC31C11324F6373100192A83 /* Frameworks */ = {
			isa = PBXFrameworksBuildPhase;
			buildActionMask = 2147483647;
			files = (
				B4D92CF005DE10016740C066 /* Pods_PushNotification_002.framework in Frameworks */,
			);
			runOnlyForDeploymentPostprocessing = 0;
		};
/* End PBXFrameworksBuildPhase section */

/* Begin PBXGroup section */
		64E199532F89C38DDB23AD44 /* Pods */ = {
			isa = PBXGroup;
			children = (
				1C4AC7085A41446552854C94 /* Pods-PushNotification-002.debug.xcconfig */,
				79AAA61C67BD61A7657A9A3D /* Pods-PushNotification-002.release.xcconfig */,
			);
			path = Pods;
			sourceTree = "<group>";
		};
		7F45766DC20A571B866BFA9D /* Frameworks */ = {
			isa = PBXGroup;
			children = (
				B65ADC17279539A8245F4731 /* Pods_PushNotification_002.framework */,
			);
			name = Frameworks;
			sourceTree = "<group>";
		};
		FC31C10D24F6373100192A83 = {
			isa = PBXGroup;
			children = (
				FC31C11824F6373100192A83 /* PushNotification-002 */,
				FC31C11724F6373100192A83 /* Products */,
				64E199532F89C38DDB23AD44 /* Pods */,
				7F45766DC20A571B866BFA9D /* Frameworks */,
			);
			sourceTree = "<group>";
		};
		FC31C11724F6373100192A83 /* Products */ = {
			isa = PBXGroup;
			children = (
				FC31C11624F6373100192A83 /* PushNotification-002.app */,
			);
			name = Products;
			sourceTree = "<group>";
		};
		FC31C11824F6373100192A83 /* PushNotification-002 */ = {
			isa = PBXGroup;
			children = (
				FC31C12F24F63B9500192A83 /* PushNotification-002.entitlements */,
				FC31C11924F6373100192A83 /* AppDelegate.swift */,
				FC31C11B24F6373100192A83 /* SceneDelegate.swift */,
				FC31C11D24F6373100192A83 /* ViewController.swift */,
				FC31C11F24F6373100192A83 /* Main.storyboard */,
				FC31C12224F6373200192A83 /* Assets.xcassets */,
				FC31C12424F6373200192A83 /* LaunchScreen.storyboard */,
				FC31C12724F6373200192A83 /* Info.plist */,
				FC31C12D24F6393700192A83 /* GoogleService-Info.plist */,
			);
			path = "PushNotification-002";
			sourceTree = "<group>";
		};
/* End PBXGroup section */

/* Begin PBXNativeTarget section */
		FC31C11524F6373100192A83 /* PushNotification-002 */ = {
			isa = PBXNativeTarget;
			buildConfigurationList = FC31C12A24F6373200192A83 /* Build configuration list for PBXNativeTarget "PushNotification-002" */;
			buildPhases = (
				6E90518E4AC40238D2414F4F /* [CP] Check Pods Manifest.lock */,
				FC31C11224F6373100192A83 /* Sources */,
				FC31C11324F6373100192A83 /* Frameworks */,
				FC31C11424F6373100192A83 /* Resources */,
				112EF0940286457C7A6DB484 /* [CP] Embed Pods Frameworks */,
			);
			buildRules = (
			);
			dependencies = (
			);
			name = "PushNotification-002";
			productName = "PushNotification-002";
			productReference = FC31C11624F6373100192A83 /* PushNotification-002.app */;
			productType = "com.apple.product-type.application";
		};
/* End PBXNativeTarget section */

/* Begin PBXProject section */
		FC31C10E24F6373100192A83 /* Project object */ = {
			isa = PBXProject;
			attributes = {
				LastSwiftUpdateCheck = 1160;
				LastUpgradeCheck = 1160;
				ORGANIZATIONNAME = omrobbie;
				TargetAttributes = {
					FC31C11524F6373100192A83 = {
						CreatedOnToolsVersion = 11.6;
					};
				};
			};
			buildConfigurationList = FC31C11124F6373100192A83 /* Build configuration list for PBXProject "PushNotification-002" */;
			compatibilityVersion = "Xcode 9.3";
			developmentRegion = en;
			hasScannedForEncodings = 0;
			knownRegions = (
				en,
				Base,
			);
			mainGroup = FC31C10D24F6373100192A83;
			productRefGroup = FC31C11724F6373100192A83 /* Products */;
			projectDirPath = "";
			projectRoot = "";
			targets = (
				FC31C11524F6373100192A83 /* PushNotification-002 */,
			);
		};
/* End PBXProject section */

/* Begin PBXResourcesBuildPhase section */
		FC31C11424F6373100192A83 /* Resources */ = {
			isa = PBXResourcesBuildPhase;
			buildActionMask = 2147483647;
			files = (
				FC31C12624F6373200192A83 /* LaunchScreen.storyboard in Resources */,
				FC31C12E24F6393700192A83 /* GoogleService-Info.plist in Resources */,
				FC31C12324F6373200192A83 /* Assets.xcassets in Resources */,
				FC31C12124F6373100192A83 /* Main.storyboard in Resources */,
			);
			runOnlyForDeploymentPostprocessing = 0;
		};
/* End PBXResourcesBuildPhase section */

/* Begin PBXShellScriptBuildPhase section */
		112EF0940286457C7A6DB484 /* [CP] Embed Pods Frameworks */ = {
			isa = PBXShellScriptBuildPhase;
			buildActionMask = 2147483647;
			files = (
			);
			inputFileListPaths = (
				"${PODS_ROOT}/Target Support Files/Pods-PushNotification-002/Pods-PushNotification-002-frameworks-${CONFIGURATION}-input-files.xcfilelist",
			);
			name = "[CP] Embed Pods Frameworks";
			outputFileListPaths = (
				"${PODS_ROOT}/Target Support Files/Pods-PushNotification-002/Pods-PushNotification-002-frameworks-${CONFIGURATION}-output-files.xcfilelist",
			);
			runOnlyForDeploymentPostprocessing = 0;
			shellPath = /bin/sh;
			shellScript = "\"${PODS_ROOT}/Target Support Files/Pods-PushNotification-002/Pods-PushNotification-002-frameworks.sh\"\n";
			showEnvVarsInLog = 0;
		};
		6E90518E4AC40238D2414F4F /* [CP] Check Pods Manifest.lock */ = {
			isa = PBXShellScriptBuildPhase;
			buildActionMask = 2147483647;
			files = (
			);
			inputFileListPaths = (
			);
			inputPaths = (
				"${PODS_PODFILE_DIR_PATH}/Podfile.lock",
				"${PODS_ROOT}/Manifest.lock",
			);
			name = "[CP] Check Pods Manifest.lock";
			outputFileListPaths = (
			);
			outputPaths = (
				"$(DERIVED_FILE_DIR)/Pods-PushNotification-002-checkManifestLockResult.txt",
			);
			runOnlyForDeploymentPostprocessing = 0;
			shellPath = /bin/sh;
			shellScript = "diff \"${PODS_PODFILE_DIR_PATH}/Podfile.lock\" \"${PODS_ROOT}/Manifest.lock\" > /dev/null\nif [ $? != 0 ] ; then\n    # print error to STDERR\n    echo \"error: The sandbox is not in sync with the Podfile.lock. Run 'pod install' or update your CocoaPods installation.\" >&2\n    exit 1\nfi\n# This output is used by Xcode 'outputs' to avoid re-running this script phase.\necho \"SUCCESS\" > \"${SCRIPT_OUTPUT_FILE_0}\"\n";
			showEnvVarsInLog = 0;
		};
/* End PBXShellScriptBuildPhase section */

/* Begin PBXSourcesBuildPhase section */
		FC31C11224F6373100192A83 /* Sources */ = {
			isa = PBXSourcesBuildPhase;
			buildActionMask = 2147483647;
			files = (
				FC31C11E24F6373100192A83 /* ViewController.swift in Sources */,
				FC31C11A24F6373100192A83 /* AppDelegate.swift in Sources */,
				FC31C11C24F6373100192A83 /* SceneDelegate.swift in Sources */,
			);
			runOnlyForDeploymentPostprocessing = 0;
		};
/* End PBXSourcesBuildPhase section */

/* Begin PBXVariantGroup section */
		FC31C11F24F6373100192A83 /* Main.storyboard */ = {
			isa = PBXVariantGroup;
			children = (
				FC31C12024F6373100192A83 /* Base */,
			);
			name = Main.storyboard;
			sourceTree = "<group>";
		};
		FC31C12424F6373200192A83 /* LaunchScreen.storyboard */ = {
			isa = PBXVariantGroup;
			children = (
				FC31C12524F6373200192A83 /* Base */,
			);
			name = LaunchScreen.storyboard;
			sourceTree = "<group>";
		};
/* End PBXVariantGroup section */

/* Begin XCBuildConfiguration section */
		FC31C12824F6373200192A83 /* Debug */ = {
			isa = XCBuildConfiguration;
			buildSettings = {
				ALWAYS_SEARCH_USER_PATHS = NO;
				CLANG_ANALYZER_NONNULL = YES;
				CLANG_ANALYZER_NUMBER_OBJECT_CONVERSION = YES_AGGRESSIVE;
				CLANG_CXX_LANGUAGE_STANDARD = "gnu++14";
				CLANG_CXX_LIBRARY = "libc++";
				CLANG_ENABLE_MODULES = YES;
				CLANG_ENABLE_OBJC_ARC = YES;
				CLANG_ENABLE_OBJC_WEAK = YES;
				CLANG_WARN_BLOCK_CAPTURE_AUTORELEASING = YES;
				CLANG_WARN_BOOL_CONVERSION = YES;
				CLANG_WARN_COMMA = YES;
				CLANG_WARN_CONSTANT_CONVERSION = YES;
				CLANG_WARN_DEPRECATED_OBJC_IMPLEMENTATIONS = YES;
				CLANG_WARN_DIRECT_OBJC_ISA_USAGE = YES_ERROR;
				CLANG_WARN_DOCUMENTATION_COMMENTS = YES;
				CLANG_WARN_EMPTY_BODY = YES;
				CLANG_WARN_ENUM_CONVERSION = YES;
				CLANG_WARN_INFINITE_RECURSION = YES;
				CLANG_WARN_INT_CONVERSION = YES;
				CLANG_WARN_NON_LITERAL_NULL_CONVERSION = YES;
				CLANG_WARN_OBJC_IMPLICIT_RETAIN_SELF = YES;
				CLANG_WARN_OBJC_LITERAL_CONVERSION = YES;
				CLANG_WARN_OBJC_ROOT_CLASS = YES_ERROR;
				CLANG_WARN_RANGE_LOOP_ANALYSIS = YES;
				CLANG_WARN_STRICT_PROTOTYPES = YES;
				CLANG_WARN_SUSPICIOUS_MOVE = YES;
				CLANG_WARN_UNGUARDED_AVAILABILITY = YES_AGGRESSIVE;
				CLANG_WARN_UNREACHABLE_CODE = YES;
				CLANG_WARN__DUPLICATE_METHOD_MATCH = YES;
				COPY_PHASE_STRIP = NO;
				DEBUG_INFORMATION_FORMAT = dwarf;
				ENABLE_STRICT_OBJC_MSGSEND = YES;
				ENABLE_TESTABILITY = YES;
				GCC_C_LANGUAGE_STANDARD = gnu11;
				GCC_DYNAMIC_NO_PIC = NO;
				GCC_NO_COMMON_BLOCKS = YES;
				GCC_OPTIMIZATION_LEVEL = 0;
				GCC_PREPROCESSOR_DEFINITIONS = (
					"DEBUG=1",
					"$(inherited)",
				);
				GCC_WARN_64_TO_32_BIT_CONVERSION = YES;
				GCC_WARN_ABOUT_RETURN_TYPE = YES_ERROR;
				GCC_WARN_UNDECLARED_SELECTOR = YES;
				GCC_WARN_UNINITIALIZED_AUTOS = YES_AGGRESSIVE;
				GCC_WARN_UNUSED_FUNCTION = YES;
				GCC_WARN_UNUSED_VARIABLE = YES;
				IPHONEOS_DEPLOYMENT_TARGET = 13.6;
				MTL_ENABLE_DEBUG_INFO = INCLUDE_SOURCE;
				MTL_FAST_MATH = YES;
				ONLY_ACTIVE_ARCH = YES;
				SDKROOT = iphoneos;
				SWIFT_ACTIVE_COMPILATION_CONDITIONS = DEBUG;
				SWIFT_OPTIMIZATION_LEVEL = "-Onone";
			};
			name = Debug;
		};
		FC31C12924F6373200192A83 /* Release */ = {
			isa = XCBuildConfiguration;
			buildSettings = {
				ALWAYS_SEARCH_USER_PATHS = NO;
				CLANG_ANALYZER_NONNULL = YES;
				CLANG_ANALYZER_NUMBER_OBJECT_CONVERSION = YES_AGGRESSIVE;
				CLANG_CXX_LANGUAGE_STANDARD = "gnu++14";
				CLANG_CXX_LIBRARY = "libc++";
				CLANG_ENABLE_MODULES = YES;
				CLANG_ENABLE_OBJC_ARC = YES;
				CLANG_ENABLE_OBJC_WEAK = YES;
				CLANG_WARN_BLOCK_CAPTURE_AUTORELEASING = YES;
				CLANG_WARN_BOOL_CONVERSION = YES;
				CLANG_WARN_COMMA = YES;
				CLANG_WARN_CONSTANT_CONVERSION = YES;
				CLANG_WARN_DEPRECATED_OBJC_IMPLEMENTATIONS = YES;
				CLANG_WARN_DIRECT_OBJC_ISA_USAGE = YES_ERROR;
				CLANG_WARN_DOCUMENTATION_COMMENTS = YES;
				CLANG_WARN_EMPTY_BODY = YES;
				CLANG_WARN_ENUM_CONVERSION = YES;
				CLANG_WARN_INFINITE_RECURSION = YES;
				CLANG_WARN_INT_CONVERSION = YES;
				CLANG_WARN_NON_LITERAL_NULL_CONVERSION = YES;
				CLANG_WARN_OBJC_IMPLICIT_RETAIN_SELF = YES;
				CLANG_WARN_OBJC_LITERAL_CONVERSION = YES;
				CLANG_WARN_OBJC_ROOT_CLASS = YES_ERROR;
				CLANG_WARN_RANGE_LOOP_ANALYSIS = YES;
				CLANG_WARN_STRICT_PROTOTYPES = YES;
				CLANG_WARN_SUSPICIOUS_MOVE = YES;
				CLANG_WARN_UNGUARDED_AVAILABILITY = YES_AGGRESSIVE;
				CLANG_WARN_UNREACHABLE_CODE = YES;
				CLANG_WARN__DUPLICATE_METHOD_MATCH = YES;
				COPY_PHASE_STRIP = NO;
				DEBUG_INFORMATION_FORMAT = "dwarf-with-dsym";
				ENABLE_NS_ASSERTIONS = NO;
				ENABLE_STRICT_OBJC_MSGSEND = YES;
				GCC_C_LANGUAGE_STANDARD = gnu11;
				GCC_NO_COMMON_BLOCKS = YES;
				GCC_WARN_64_TO_32_BIT_CONVERSION = YES;
				GCC_WARN_ABOUT_RETURN_TYPE = YES_ERROR;
				GCC_WARN_UNDECLARED_SELECTOR = YES;
				GCC_WARN_UNINITIALIZED_AUTOS = YES_AGGRESSIVE;
				GCC_WARN_UNUSED_FUNCTION = YES;
				GCC_WARN_UNUSED_VARIABLE = YES;
				IPHONEOS_DEPLOYMENT_TARGET = 13.6;
				MTL_ENABLE_DEBUG_INFO = NO;
				MTL_FAST_MATH = YES;
				SDKROOT = iphoneos;
				SWIFT_COMPILATION_MODE = wholemodule;
				SWIFT_OPTIMIZATION_LEVEL = "-O";
				VALIDATE_PRODUCT = YES;
			};
			name = Release;
		};
		FC31C12B24F6373200192A83 /* Debug */ = {
			isa = XCBuildConfiguration;
			baseConfigurationReference = 1C4AC7085A41446552854C94 /* Pods-PushNotification-002.debug.xcconfig */;
			buildSettings = {
				ASSETCATALOG_COMPILER_APPICON_NAME = AppIcon;
				CODE_SIGN_ENTITLEMENTS = "PushNotification-002/PushNotification-002.entitlements";
				CODE_SIGN_STYLE = Automatic;
				DEVELOPMENT_TEAM = 3SMXMP42NY;
				INFOPLIST_FILE = "PushNotification-002/Info.plist";
				LD_RUNPATH_SEARCH_PATHS = (
					"$(inherited)",
					"@executable_path/Frameworks",
				);
				PRODUCT_BUNDLE_IDENTIFIER = "com.omrobbie.PushNotification-002";
				PRODUCT_NAME = "$(TARGET_NAME)";
				SWIFT_VERSION = 5.0;
				TARGETED_DEVICE_FAMILY = 1;
			};
			name = Debug;
		};
		FC31C12C24F6373200192A83 /* Release */ = {
			isa = XCBuildConfiguration;
			baseConfigurationReference = 79AAA61C67BD61A7657A9A3D /* Pods-PushNotification-002.release.xcconfig */;
			buildSettings = {
				ASSETCATALOG_COMPILER_APPICON_NAME = AppIcon;
				CODE_SIGN_ENTITLEMENTS = "PushNotification-002/PushNotification-002.entitlements";
				CODE_SIGN_STYLE = Automatic;
				DEVELOPMENT_TEAM = 3SMXMP42NY;
				INFOPLIST_FILE = "PushNotification-002/Info.plist";
				LD_RUNPATH_SEARCH_PATHS = (
					"$(inherited)",
					"@executable_path/Frameworks",
				);
				PRODUCT_BUNDLE_IDENTIFIER = "com.omrobbie.PushNotification-002";
				PRODUCT_NAME = "$(TARGET_NAME)";
				SWIFT_VERSION = 5.0;
				TARGETED_DEVICE_FAMILY = 1;
			};
			name = Release;
		};
/* End XCBuildConfiguration section */

/* Begin XCConfigurationList section */
		FC31C11124F6373100192A83 /* Build configuration list for PBXProject "PushNotification-002" */ = {
			isa = XCConfigurationList;
			buildConfigurations = (
				FC31C12824F6373200192A83 /* Debug */,
				FC31C12924F6373200192A83 /* Release */,
			);
			defaultConfigurationIsVisible = 0;
			defaultConfigurationName = Release;
		};
		FC31C12A24F6373200192A83 /* Build configuration list for PBXNativeTarget "PushNotification-002" */ = {
			isa = XCConfigurationList;
			buildConfigurations = (
				FC31C12B24F6373200192A83 /* Debug */,
				FC31C12C24F6373200192A83 /* Release */,
			);
			defaultConfigurationIsVisible = 0;
			defaultConfigurationName = Release;
		};
/* End XCConfigurationList section */
	};
	rootObject = FC31C10E24F6373100192A83 /* Project object */;
}
